{
  "nodes": {
    "flakeNimbleLib": {
      "inputs": {
        "nixpkgs": [
          "nixpkgs"
        ]
      },
      "locked": {
        "lastModified": 1662018438,
        "narHash": "sha256-QtNtU6+LX3Wokxf0zlFwKTFOcn6TeDjKQZ+DA9OYtvM=",
        "owner": "riinr",
        "repo": "nim-flakes-lib",
        "rev": "b1fe8340736e3a85d25c709ac3dfd82a55c03cbf",
        "type": "github"
      },
      "original": {
        "owner": "riinr",
        "ref": "master",
        "repo": "nim-flakes-lib",
        "type": "github"
      }
    },
    "nimpy-master": {
      "inputs": {
        "flakeNimbleLib": [
          "flakeNimbleLib"
        ],
        "nixpkgs": [
          "nixpkgs"
        ],
        "src-nimpy-master": "src-nimpy-master"
      },
      "locked": {
        "dir": "master",
        "lastModified": 1662254677,
        "narHash": "sha256-2a2z8N3wbYmAuJjX+S9KxcbzzCPssc+OlpiPhjiZG60=",
        "owner": "nim-nix-pkgs",
        "repo": "nimpy",
        "rev": "8f6ac5270dc464679a3d21d1c3e465fce0414b8c",
        "type": "github"
      },
      "original": {
        "dir": "master",
        "owner": "nim-nix-pkgs",
        "ref": "master",
        "repo": "nimpy",
        "type": "github"
      }
    },
    "nixpkgs": {
      "locked": {
        "lastModified": 1667110639,
        "narHash": "sha256-4FbPESZ5LbqQxkJJJBAfk/zKgF9h/4kyUwjjpJwYlbc=",
        "owner": "NixOS",
        "repo": "nixpkgs",
        "rev": "f38a1f04d1bec1feb61fd101a0539ae2002a7087",
        "type": "github"
      },
      "original": {
        "id": "nixpkgs",
        "type": "indirect"
      }
    },
    "root": {
      "inputs": {
        "flakeNimbleLib": "flakeNimbleLib",
        "nimpy-master": "nimpy-master",
        "nixpkgs": "nixpkgs"
      }
    },
    "src-nimpy-master": {
      "flake": false,
      "locked": {
        "lastModified": 1661182398,
        "narHash": "sha256-pk5KJ85RfJi+L2lw/Ubkj9gUhkFUuq4KhbPGjadYVj8=",
        "owner": "yglukhov",
        "repo": "nimpy",
        "rev": "1cd356d6016f28870be93235dd7d7267870066cf",
        "type": "github"
      },
      "original": {
        "owner": "yglukhov",
        "ref": "refs/heads/master",
        "repo": "nimpy",
        "type": "github"
      }
    }
  },
  "root": "root",
  "version": 7
}
